
Microsoft Visual Studio Solution File, Format Version 12.00
# Visual Studio 15
VisualStudioVersion = 15.0.28307.271
MinimumVisualStudioVersion = 10.0.40219.1
Project("{FAE04EC0-301F-11D3-BF4B-00C04F79EFBC}") = "CodeFirst-Invoice", "CodeFirst-Invoice\CodeFirst-Invoice.csproj", "{7ABD2671-A5DC-40E3-9703-EB29C4A1114B}"
EndProject
Global
	GlobalSection(SolutionConfigurationPlatforms) = preSolution
		Debug|Any CPU = Debug|Any CPU
		Release|Any CPU = Release|Any CPU
	EndGlobalSection
	GlobalSection(ProjectConfigurationPlatforms) = postSolution
		{7ABD2671-A5DC-40E3-9703-EB29C4A1114B}.Debug|Any CPU.ActiveCfg = Debug|Any CPU
		{7ABD2671-A5DC-40E3-9703-EB29C4A1114B}.Debug|Any CPU.Build.0 = Debug|Any CPU
		{7ABD2671-A5DC-40E3-9703-EB29C4A1114B}.Release|Any CPU.ActiveCfg = Release|Any CPU
		{7ABD2671-A5DC-40E3-9703-EB29C4A1114B}.Release|Any CPU.Build.0 = Release|Any CPU
	EndGlobalSection
	GlobalSection(SolutionProperties) = preSolution
		HideSolutionNode = FALSE
	EndGlobalSection
	GlobalSection(ExtensibilityGlobals) = postSolution
		SolutionGuid = {74C66736-035F-488C-9753-D8158DC415C3}
	EndGlobalSection
EndGlobal
